
Microsoft Visual Studio Solution File, Format Version 12.00
# Visual Studio Version 17
VisualStudioVersion = 17.12.35728.132
MinimumVisualStudioVersion = 10.0.40219.1
Project("{FAE04EC0-301F-11D3-BF4B-00C04F79EFBC}") = "LumbiniCityTeacherSchedule", "LumbiniCityTeacherSchedule\LumbiniCityTeacherSchedule.csproj", "{67C5DE8B-1C7A-43F7-BB11-1743E4B547E5}"
	ProjectSection(ProjectDependencies) = postProject
		{4B094D72-17DF-409A-A63A-8206DE435A9B} = {4B094D72-17DF-409A-A63A-8206DE435A9B}
	EndProjectSection
EndProject
Project("{00D1A9C2-B5F0-4AF3-8072-F6C62B433612}") = "ScheduleDBProject", "ScheduleDBProject\ScheduleDBProject.sqlproj", "{39150B9F-2236-46A5-9221-CB6F66FAC8AB}"
EndProject
Project("{FAE04EC0-301F-11D3-BF4B-00C04F79EFBC}") = "LumbiniCityTeacherSchedule.DataAccess", "LumbiniCityTeacherSchedule.DataAccess\LumbiniCityTeacherSchedule.DataAccess.csproj", "{F92C1292-C4DA-4C49-8FD8-392564F15872}"
EndProject
Project("{FAE04EC0-301F-11D3-BF4B-00C04F79EFBC}") = "LumbiniCityTeacherSchedule.Models", "LumbiniCityTeacherSchedule.Models\LumbiniCityTeacherSchedule.Models.csproj", "{545D8CE5-0E8E-4D7D-99E7-23D4F2E5017E}"
EndProject
Project("{FAE04EC0-301F-11D3-BF4B-00C04F79EFBC}") = "LumbiniCityTeacherSchedule.Utility", "LumbiniCityTeacherSchedule.Utility\LumbiniCityTeacherSchedule.Utility.csproj", "{73C20601-7F95-4E06-AD6E-72B85D75DFEB}"
EndProject
Project("{FAE04EC0-301F-11D3-BF4B-00C04F79EFBC}") = "LumbiniCityTeacherSchedule.Service", "LumbiniCityTeacherSchedule.Service\LumbiniCityTeacherSchedule.Service.csproj", "{104698CF-728F-4C35-90BA-F177AE9CE71F}"
EndProject
Project("{FAE04EC0-301F-11D3-BF4B-00C04F79EFBC}") = "LumbiniCityTeacherScheduleMVC", "LumbiniCityTeacherScheduleMVC\LumbiniCityTeacherScheduleMVC.csproj", "{4B094D72-17DF-409A-A63A-8206DE435A9B}"
EndProject
Global
	GlobalSection(SolutionConfigurationPlatforms) = preSolution
		Debug|Any CPU = Debug|Any CPU
		Release|Any CPU = Release|Any CPU
	EndGlobalSection
	GlobalSection(ProjectConfigurationPlatforms) = postSolution
		{67C5DE8B-1C7A-43F7-BB11-1743E4B547E5}.Debug|Any CPU.ActiveCfg = Debug|Any CPU
		{67C5DE8B-1C7A-43F7-BB11-1743E4B547E5}.Debug|Any CPU.Build.0 = Debug|Any CPU
		{67C5DE8B-1C7A-43F7-BB11-1743E4B547E5}.Release|Any CPU.ActiveCfg = Release|Any CPU
		{67C5DE8B-1C7A-43F7-BB11-1743E4B547E5}.Release|Any CPU.Build.0 = Release|Any CPU
		{39150B9F-2236-46A5-9221-CB6F66FAC8AB}.Debug|Any CPU.ActiveCfg = Debug|Any CPU
		{39150B9F-2236-46A5-9221-CB6F66FAC8AB}.Debug|Any CPU.Build.0 = Debug|Any CPU
		{39150B9F-2236-46A5-9221-CB6F66FAC8AB}.Debug|Any CPU.Deploy.0 = Debug|Any CPU
		{39150B9F-2236-46A5-9221-CB6F66FAC8AB}.Release|Any CPU.ActiveCfg = Release|Any CPU
		{39150B9F-2236-46A5-9221-CB6F66FAC8AB}.Release|Any CPU.Build.0 = Release|Any CPU
		{39150B9F-2236-46A5-9221-CB6F66FAC8AB}.Release|Any CPU.Deploy.0 = Release|Any CPU
		{F92C1292-C4DA-4C49-8FD8-392564F15872}.Debug|Any CPU.ActiveCfg = Debug|Any CPU
		{F92C1292-C4DA-4C49-8FD8-392564F15872}.Debug|Any CPU.Build.0 = Debug|Any CPU
		{F92C1292-C4DA-4C49-8FD8-392564F15872}.Release|Any CPU.ActiveCfg = Release|Any CPU
		{F92C1292-C4DA-4C49-8FD8-392564F15872}.Release|Any CPU.Build.0 = Release|Any CPU
		{545D8CE5-0E8E-4D7D-99E7-23D4F2E5017E}.Debug|Any CPU.ActiveCfg = Debug|Any CPU
		{545D8CE5-0E8E-4D7D-99E7-23D4F2E5017E}.Debug|Any CPU.Build.0 = Debug|Any CPU
		{545D8CE5-0E8E-4D7D-99E7-23D4F2E5017E}.Release|Any CPU.ActiveCfg = Release|Any CPU
		{545D8CE5-0E8E-4D7D-99E7-23D4F2E5017E}.Release|Any CPU.Build.0 = Release|Any CPU
		{73C20601-7F95-4E06-AD6E-72B85D75DFEB}.Debug|Any CPU.ActiveCfg = Debug|Any CPU
		{73C20601-7F95-4E06-AD6E-72B85D75DFEB}.Debug|Any CPU.Build.0 = Debug|Any CPU
		{73C20601-7F95-4E06-AD6E-72B85D75DFEB}.Release|Any CPU.ActiveCfg = Release|Any CPU
		{73C20601-7F95-4E06-AD6E-72B85D75DFEB}.Release|Any CPU.Build.0 = Release|Any CPU
		{104698CF-728F-4C35-90BA-F177AE9CE71F}.Debug|Any CPU.ActiveCfg = Debug|Any CPU
		{104698CF-728F-4C35-90BA-F177AE9CE71F}.Debug|Any CPU.Build.0 = Debug|Any CPU
		{104698CF-728F-4C35-90BA-F177AE9CE71F}.Release|Any CPU.ActiveCfg = Release|Any CPU
		{104698CF-728F-4C35-90BA-F177AE9CE71F}.Release|Any CPU.Build.0 = Release|Any CPU
		{4B094D72-17DF-409A-A63A-8206DE435A9B}.Debug|Any CPU.ActiveCfg = Debug|Any CPU
		{4B094D72-17DF-409A-A63A-8206DE435A9B}.Debug|Any CPU.Build.0 = Debug|Any CPU
		{4B094D72-17DF-409A-A63A-8206DE435A9B}.Release|Any CPU.ActiveCfg = Release|Any CPU
		{4B094D72-17DF-409A-A63A-8206DE435A9B}.Release|Any CPU.Build.0 = Release|Any CPU
	EndGlobalSection
	GlobalSection(SolutionProperties) = preSolution
		HideSolutionNode = FALSE
	EndGlobalSection
EndGlobal
